
Microsoft Visual Studio Solution File, Format Version 12.00
# Visual Studio Version 17
VisualStudioVersion = 17.5.002.0
MinimumVisualStudioVersion = 10.0.40219.1
Project("{9A19103F-16F7-4668-BE54-9A1E7A4F7556}") = "Oppgave_loops_conditionals_klasser_objekter_MVC", "Oppgave_loops_conditionals_klasser_objekter_MVC.csproj", "{65678D20-D476-4E40-AB49-1270883AAF7E}"
EndProject
Global
	GlobalSection(SolutionConfigurationPlatforms) = preSolution
		Debug|Any CPU = Debug|Any CPU
		Release|Any CPU = Release|Any CPU
	EndGlobalSection
	GlobalSection(ProjectConfigurationPlatforms) = postSolution
		{65678D20-D476-4E40-AB49-1270883AAF7E}.Debug|Any CPU.ActiveCfg = Debug|Any CPU
		{65678D20-D476-4E40-AB49-1270883AAF7E}.Debug|Any CPU.Build.0 = Debug|Any CPU
		{65678D20-D476-4E40-AB49-1270883AAF7E}.Release|Any CPU.ActiveCfg = Release|Any CPU
		{65678D20-D476-4E40-AB49-1270883AAF7E}.Release|Any CPU.Build.0 = Release|Any CPU
	EndGlobalSection
	GlobalSection(SolutionProperties) = preSolution
		HideSolutionNode = FALSE
	EndGlobalSection
	GlobalSection(ExtensibilityGlobals) = postSolution
		SolutionGuid = {E8913772-D3EF-4ADD-980A-CBAEF496BE64}
	EndGlobalSection
EndGlobal
